
Microsoft Visual Studio Solution File, Format Version 12.00
# Visual Studio Version 16
VisualStudioVersion = 16.0.31605.320
MinimumVisualStudioVersion = 10.0.40219.1
Project("{9A19103F-16F7-4668-BE54-9A1E7A4F7556}") = "PostalCodeSearchServiceGeoNames", "PostalCodeSearchServiceGeoNames.csproj", "{8485BF0C-D56F-46C1-9DE3-AA979E5945B7}"
EndProject
Project("{9A19103F-16F7-4668-BE54-9A1E7A4F7556}") = "PostalCodeSearchAppGeonamesLib", "..\WikiSearchAppGeonamesLib\PostalCodeSearchAppGeonamesLib.csproj", "{4EDF24CB-15DB-4220-9C7B-6AE158721507}"
EndProject
Project("{9A19103F-16F7-4668-BE54-9A1E7A4F7556}") = "PostalCodeSearchAppRepositoryLib", "..\PostalCodeSearchAppRepositoryLib\PostalCodeSearchAppRepositoryLib.csproj", "{D7117857-18D4-44D5-AB22-1711F011D2FA}"
EndProject
Project("{9A19103F-16F7-4668-BE54-9A1E7A4F7556}") = "PostalCodeSearchAppEntitiesLib", "..\PostalCodeSearchAppEntitiesLib\PostalCodeSearchAppEntitiesLib.csproj", "{4DCE8160-BD09-4E22-BFF1-A40D855883F9}"
EndProject
Project("{FAE04EC0-301F-11D3-BF4B-00C04F79EFBC}") = "PostalCodeSearchAppDALLib", "..\PostalCodeSearchAppDALLib\PostalCodeSearchAppDALLib.csproj", "{7D680835-CCEC-4CBF-AF1A-7CE9E65C2EF3}"
EndProject
Project("{FAE04EC0-301F-11D3-BF4B-00C04F79EFBC}") = "PostalCodeSearchAppServiceLib", "..\PostalCodeSearchAppServiceLib\PostalCodeSearchAppServiceLib.csproj", "{DBB7DE5B-E051-4584-A150-9BA44C864DB3}"
EndProject
Global
	GlobalSection(SolutionConfigurationPlatforms) = preSolution
		Debug|Any CPU = Debug|Any CPU
		Release|Any CPU = Release|Any CPU
	EndGlobalSection
	GlobalSection(ProjectConfigurationPlatforms) = postSolution
		{8485BF0C-D56F-46C1-9DE3-AA979E5945B7}.Debug|Any CPU.ActiveCfg = Debug|Any CPU
		{8485BF0C-D56F-46C1-9DE3-AA979E5945B7}.Debug|Any CPU.Build.0 = Debug|Any CPU
		{8485BF0C-D56F-46C1-9DE3-AA979E5945B7}.Release|Any CPU.ActiveCfg = Release|Any CPU
		{8485BF0C-D56F-46C1-9DE3-AA979E5945B7}.Release|Any CPU.Build.0 = Release|Any CPU
		{4EDF24CB-15DB-4220-9C7B-6AE158721507}.Debug|Any CPU.ActiveCfg = Debug|Any CPU
		{4EDF24CB-15DB-4220-9C7B-6AE158721507}.Debug|Any CPU.Build.0 = Debug|Any CPU
		{4EDF24CB-15DB-4220-9C7B-6AE158721507}.Release|Any CPU.ActiveCfg = Release|Any CPU
		{4EDF24CB-15DB-4220-9C7B-6AE158721507}.Release|Any CPU.Build.0 = Release|Any CPU
		{D7117857-18D4-44D5-AB22-1711F011D2FA}.Debug|Any CPU.ActiveCfg = Debug|Any CPU
		{D7117857-18D4-44D5-AB22-1711F011D2FA}.Debug|Any CPU.Build.0 = Debug|Any CPU
		{D7117857-18D4-44D5-AB22-1711F011D2FA}.Release|Any CPU.ActiveCfg = Release|Any CPU
		{D7117857-18D4-44D5-AB22-1711F011D2FA}.Release|Any CPU.Build.0 = Release|Any CPU
		{4DCE8160-BD09-4E22-BFF1-A40D855883F9}.Debug|Any CPU.ActiveCfg = Debug|Any CPU
		{4DCE8160-BD09-4E22-BFF1-A40D855883F9}.Debug|Any CPU.Build.0 = Debug|Any CPU
		{4DCE8160-BD09-4E22-BFF1-A40D855883F9}.Release|Any CPU.ActiveCfg = Release|Any CPU
		{4DCE8160-BD09-4E22-BFF1-A40D855883F9}.Release|Any CPU.Build.0 = Release|Any CPU
		{7D680835-CCEC-4CBF-AF1A-7CE9E65C2EF3}.Debug|Any CPU.ActiveCfg = Debug|Any CPU
		{7D680835-CCEC-4CBF-AF1A-7CE9E65C2EF3}.Debug|Any CPU.Build.0 = Debug|Any CPU
		{7D680835-CCEC-4CBF-AF1A-7CE9E65C2EF3}.Release|Any CPU.ActiveCfg = Release|Any CPU
		{7D680835-CCEC-4CBF-AF1A-7CE9E65C2EF3}.Release|Any CPU.Build.0 = Release|Any CPU
		{DBB7DE5B-E051-4584-A150-9BA44C864DB3}.Debug|Any CPU.ActiveCfg = Debug|Any CPU
		{DBB7DE5B-E051-4584-A150-9BA44C864DB3}.Debug|Any CPU.Build.0 = Debug|Any CPU
		{DBB7DE5B-E051-4584-A150-9BA44C864DB3}.Release|Any CPU.ActiveCfg = Release|Any CPU
		{DBB7DE5B-E051-4584-A150-9BA44C864DB3}.Release|Any CPU.Build.0 = Release|Any CPU
	EndGlobalSection
	GlobalSection(SolutionProperties) = preSolution
		HideSolutionNode = FALSE
	EndGlobalSection
	GlobalSection(ExtensibilityGlobals) = postSolution
		SolutionGuid = {55DF15DF-EB52-4164-92E3-7249B34B79A5}
	EndGlobalSection
EndGlobal
