
Microsoft Visual Studio Solution File, Format Version 12.00
# Visual Studio Version 16
VisualStudioVersion = 16.0.31605.320
MinimumVisualStudioVersion = 10.0.40219.1
Project("{9A19103F-16F7-4668-BE54-9A1E7A4F7556}") = "001-TodoApplicationRestApp", "001-TodoApplicationRestApp.csproj", "{76C72F6C-7844-46EB-8AFD-6005EC687F7B}"
EndProject
Global
	GlobalSection(SolutionConfigurationPlatforms) = preSolution
		Debug|Any CPU = Debug|Any CPU
		Release|Any CPU = Release|Any CPU
	EndGlobalSection
	GlobalSection(ProjectConfigurationPlatforms) = postSolution
		{76C72F6C-7844-46EB-8AFD-6005EC687F7B}.Debug|Any CPU.ActiveCfg = Debug|Any CPU
		{76C72F6C-7844-46EB-8AFD-6005EC687F7B}.Debug|Any CPU.Build.0 = Debug|Any CPU
		{76C72F6C-7844-46EB-8AFD-6005EC687F7B}.Release|Any CPU.ActiveCfg = Release|Any CPU
		{76C72F6C-7844-46EB-8AFD-6005EC687F7B}.Release|Any CPU.Build.0 = Release|Any CPU
	EndGlobalSection
	GlobalSection(SolutionProperties) = preSolution
		HideSolutionNode = FALSE
	EndGlobalSection
	GlobalSection(ExtensibilityGlobals) = postSolution
		SolutionGuid = {626DECF3-7959-497A-AF38-E36CED1632E1}
	EndGlobalSection
EndGlobal
