
Microsoft Visual Studio Solution File, Format Version 12.00
# Visual Studio Version 16
VisualStudioVersion = 16.0.31605.320
MinimumVisualStudioVersion = 10.0.40219.1
Project("{FAE04EC0-301F-11D3-BF4B-00C04F79EFBC}") = "ExceptionUtilLibrary", "ExceptionUtilLibrary.csproj", "{632B8E33-6FEA-4E9F-83A7-4CFEC4AF4FBD}"
EndProject
Global
	GlobalSection(SolutionConfigurationPlatforms) = preSolution
		Debug|Any CPU = Debug|Any CPU
		Release|Any CPU = Release|Any CPU
	EndGlobalSection
	GlobalSection(ProjectConfigurationPlatforms) = postSolution
		{632B8E33-6FEA-4E9F-83A7-4CFEC4AF4FBD}.Debug|Any CPU.ActiveCfg = Debug|Any CPU
		{632B8E33-6FEA-4E9F-83A7-4CFEC4AF4FBD}.Debug|Any CPU.Build.0 = Debug|Any CPU
		{632B8E33-6FEA-4E9F-83A7-4CFEC4AF4FBD}.Release|Any CPU.ActiveCfg = Release|Any CPU
		{632B8E33-6FEA-4E9F-83A7-4CFEC4AF4FBD}.Release|Any CPU.Build.0 = Release|Any CPU
	EndGlobalSection
	GlobalSection(SolutionProperties) = preSolution
		HideSolutionNode = FALSE
	EndGlobalSection
	GlobalSection(ExtensibilityGlobals) = postSolution
		SolutionGuid = {625A5CB9-58CA-4FF8-BDCF-B77CC9440BB1}
	EndGlobalSection
EndGlobal
