
Microsoft Visual Studio Solution File, Format Version 12.00
# Visual Studio Version 16
VisualStudioVersion = 16.0.31605.320
MinimumVisualStudioVersion = 10.0.40219.1
Project("{FAE04EC0-301F-11D3-BF4B-00C04F79EFBC}") = "DataUtilLib", "DataUtilLib.csproj", "{55385CBF-86E4-42F1-AD73-82AE0C2F94FF}"
EndProject
Global
	GlobalSection(SolutionConfigurationPlatforms) = preSolution
		Debug|Any CPU = Debug|Any CPU
		Release|Any CPU = Release|Any CPU
	EndGlobalSection
	GlobalSection(ProjectConfigurationPlatforms) = postSolution
		{55385CBF-86E4-42F1-AD73-82AE0C2F94FF}.Debug|Any CPU.ActiveCfg = Debug|Any CPU
		{55385CBF-86E4-42F1-AD73-82AE0C2F94FF}.Debug|Any CPU.Build.0 = Debug|Any CPU
		{55385CBF-86E4-42F1-AD73-82AE0C2F94FF}.Release|Any CPU.ActiveCfg = Release|Any CPU
		{55385CBF-86E4-42F1-AD73-82AE0C2F94FF}.Release|Any CPU.Build.0 = Release|Any CPU
	EndGlobalSection
	GlobalSection(SolutionProperties) = preSolution
		HideSolutionNode = FALSE
	EndGlobalSection
	GlobalSection(ExtensibilityGlobals) = postSolution
		SolutionGuid = {370B0921-1A22-4F16-AA9F-F73402F7A7F9}
	EndGlobalSection
EndGlobal
